{
  "name": "unicode-rgi-emoji-modifier-sequence",
  "version": "1.0.1",
  "lockfileVersion": 2,
  "requires": true,
  "packages": {
    "": {
      "name": "unicode-rgi-emoji-modifier-sequence",
      "version": "1.0.1",
      "license": "MIT",
      "engines": {
        "node": ">=16"
      }
    }
  }
}
